
Microsoft Visual Studio Solution File, Format Version 12.00
# Visual Studio 15
VisualStudioVersion = 15.0.27130.2003
MinimumVisualStudioVersion = 10.0.40219.1
Project("{FAE04EC0-301F-11D3-BF4B-00C04F79EFBC}") = "OlympusPortal", "OlympusPortal\OlympusPortal.csproj", "{5D835F56-8B3E-4F30-930C-7EA4852E4C46}"
EndProject
Project("{FAE04EC0-301F-11D3-BF4B-00C04F79EFBC}") = "Olimp.DAL", "Olimp.DAL\Olimp.DAL.csproj", "{34F4519C-AEF6-464B-BD05-5F0BA3580F43}"
EndProject
Project("{FAE04EC0-301F-11D3-BF4B-00C04F79EFBC}") = "Olimp.BLL", "Olimp.BLL\Olimp.BLL.csproj", "{D1B3AFEB-6B40-46E6-85B9-EE6420980C6F}"
EndProject
Global
	GlobalSection(SolutionConfigurationPlatforms) = preSolution
		Debug|Any CPU = Debug|Any CPU
		Debug|ARM = Debug|ARM
		Debug|x64 = Debug|x64
		Debug|x86 = Debug|x86
		Release|Any CPU = Release|Any CPU
		Release|ARM = Release|ARM
		Release|x64 = Release|x64
		Release|x86 = Release|x86
	EndGlobalSection
	GlobalSection(ProjectConfigurationPlatforms) = postSolution
		{5D835F56-8B3E-4F30-930C-7EA4852E4C46}.Debug|Any CPU.ActiveCfg = Debug|Any CPU
		{5D835F56-8B3E-4F30-930C-7EA4852E4C46}.Debug|Any CPU.Build.0 = Debug|Any CPU
		{5D835F56-8B3E-4F30-930C-7EA4852E4C46}.Debug|ARM.ActiveCfg = Debug|Any CPU
		{5D835F56-8B3E-4F30-930C-7EA4852E4C46}.Debug|ARM.Build.0 = Debug|Any CPU
		{5D835F56-8B3E-4F30-930C-7EA4852E4C46}.Debug|x64.ActiveCfg = Debug|Any CPU
		{5D835F56-8B3E-4F30-930C-7EA4852E4C46}.Debug|x64.Build.0 = Debug|Any CPU
		{5D835F56-8B3E-4F30-930C-7EA4852E4C46}.Debug|x86.ActiveCfg = Debug|Any CPU
		{5D835F56-8B3E-4F30-930C-7EA4852E4C46}.Debug|x86.Build.0 = Debug|Any CPU
		{5D835F56-8B3E-4F30-930C-7EA4852E4C46}.Release|Any CPU.ActiveCfg = Release|Any CPU
		{5D835F56-8B3E-4F30-930C-7EA4852E4C46}.Release|Any CPU.Build.0 = Release|Any CPU
		{5D835F56-8B3E-4F30-930C-7EA4852E4C46}.Release|ARM.ActiveCfg = Release|Any CPU
		{5D835F56-8B3E-4F30-930C-7EA4852E4C46}.Release|ARM.Build.0 = Release|Any CPU
		{5D835F56-8B3E-4F30-930C-7EA4852E4C46}.Release|x64.ActiveCfg = Release|Any CPU
		{5D835F56-8B3E-4F30-930C-7EA4852E4C46}.Release|x64.Build.0 = Release|Any CPU
		{5D835F56-8B3E-4F30-930C-7EA4852E4C46}.Release|x86.ActiveCfg = Release|Any CPU
		{5D835F56-8B3E-4F30-930C-7EA4852E4C46}.Release|x86.Build.0 = Release|Any CPU
		{34F4519C-AEF6-464B-BD05-5F0BA3580F43}.Debug|Any CPU.ActiveCfg = Debug|Any CPU
		{34F4519C-AEF6-464B-BD05-5F0BA3580F43}.Debug|Any CPU.Build.0 = Debug|Any CPU
		{34F4519C-AEF6-464B-BD05-5F0BA3580F43}.Debug|ARM.ActiveCfg = Debug|Any CPU
		{34F4519C-AEF6-464B-BD05-5F0BA3580F43}.Debug|ARM.Build.0 = Debug|Any CPU
		{34F4519C-AEF6-464B-BD05-5F0BA3580F43}.Debug|x64.ActiveCfg = Debug|Any CPU
		{34F4519C-AEF6-464B-BD05-5F0BA3580F43}.Debug|x64.Build.0 = Debug|Any CPU
		{34F4519C-AEF6-464B-BD05-5F0BA3580F43}.Debug|x86.ActiveCfg = Debug|Any CPU
		{34F4519C-AEF6-464B-BD05-5F0BA3580F43}.Debug|x86.Build.0 = Debug|Any CPU
		{34F4519C-AEF6-464B-BD05-5F0BA3580F43}.Release|Any CPU.ActiveCfg = Release|Any CPU
		{34F4519C-AEF6-464B-BD05-5F0BA3580F43}.Release|Any CPU.Build.0 = Release|Any CPU
		{34F4519C-AEF6-464B-BD05-5F0BA3580F43}.Release|ARM.ActiveCfg = Release|Any CPU
		{34F4519C-AEF6-464B-BD05-5F0BA3580F43}.Release|ARM.Build.0 = Release|Any CPU
		{34F4519C-AEF6-464B-BD05-5F0BA3580F43}.Release|x64.ActiveCfg = Release|Any CPU
		{34F4519C-AEF6-464B-BD05-5F0BA3580F43}.Release|x64.Build.0 = Release|Any CPU
		{34F4519C-AEF6-464B-BD05-5F0BA3580F43}.Release|x86.ActiveCfg = Release|Any CPU
		{34F4519C-AEF6-464B-BD05-5F0BA3580F43}.Release|x86.Build.0 = Release|Any CPU
		{D1B3AFEB-6B40-46E6-85B9-EE6420980C6F}.Debug|Any CPU.ActiveCfg = Debug|Any CPU
		{D1B3AFEB-6B40-46E6-85B9-EE6420980C6F}.Debug|Any CPU.Build.0 = Debug|Any CPU
		{D1B3AFEB-6B40-46E6-85B9-EE6420980C6F}.Debug|ARM.ActiveCfg = Debug|Any CPU
		{D1B3AFEB-6B40-46E6-85B9-EE6420980C6F}.Debug|ARM.Build.0 = Debug|Any CPU
		{D1B3AFEB-6B40-46E6-85B9-EE6420980C6F}.Debug|x64.ActiveCfg = Debug|Any CPU
		{D1B3AFEB-6B40-46E6-85B9-EE6420980C6F}.Debug|x64.Build.0 = Debug|Any CPU
		{D1B3AFEB-6B40-46E6-85B9-EE6420980C6F}.Debug|x86.ActiveCfg = Debug|Any CPU
		{D1B3AFEB-6B40-46E6-85B9-EE6420980C6F}.Debug|x86.Build.0 = Debug|Any CPU
		{D1B3AFEB-6B40-46E6-85B9-EE6420980C6F}.Release|Any CPU.ActiveCfg = Release|Any CPU
		{D1B3AFEB-6B40-46E6-85B9-EE6420980C6F}.Release|Any CPU.Build.0 = Release|Any CPU
		{D1B3AFEB-6B40-46E6-85B9-EE6420980C6F}.Release|ARM.ActiveCfg = Release|Any CPU
		{D1B3AFEB-6B40-46E6-85B9-EE6420980C6F}.Release|ARM.Build.0 = Release|Any CPU
		{D1B3AFEB-6B40-46E6-85B9-EE6420980C6F}.Release|x64.ActiveCfg = Release|Any CPU
		{D1B3AFEB-6B40-46E6-85B9-EE6420980C6F}.Release|x64.Build.0 = Release|Any CPU
		{D1B3AFEB-6B40-46E6-85B9-EE6420980C6F}.Release|x86.ActiveCfg = Release|Any CPU
		{D1B3AFEB-6B40-46E6-85B9-EE6420980C6F}.Release|x86.Build.0 = Release|Any CPU
	EndGlobalSection
	GlobalSection(SolutionProperties) = preSolution
		HideSolutionNode = FALSE
	EndGlobalSection
	GlobalSection(ExtensibilityGlobals) = postSolution
		SolutionGuid = {D9B8CEBD-2EF4-4C94-BEF2-94F6589B9141}
	EndGlobalSection
EndGlobal
